
Microsoft Visual Studio Solution File, Format Version 12.00
# Visual Studio 15
VisualStudioVersion = 15.0.28307.1062
MinimumVisualStudioVersion = 10.0.40219.1
Project("{FAE04EC0-301F-11D3-BF4B-00C04F79EFBC}") = "Sitecore.Feature.Administrators", "Sitecore.Feature.Administrators.csproj", "{E23FE7A5-D054-4B44-9D9A-B729FAD16AF1}"
EndProject
Global
	GlobalSection(SolutionConfigurationPlatforms) = preSolution
		Debug|Any CPU = Debug|Any CPU
		Release|Any CPU = Release|Any CPU
	EndGlobalSection
	GlobalSection(ProjectConfigurationPlatforms) = postSolution
		{E23FE7A5-D054-4B44-9D9A-B729FAD16AF1}.Debug|Any CPU.ActiveCfg = Debug|Any CPU
		{E23FE7A5-D054-4B44-9D9A-B729FAD16AF1}.Debug|Any CPU.Build.0 = Debug|Any CPU
		{E23FE7A5-D054-4B44-9D9A-B729FAD16AF1}.Release|Any CPU.ActiveCfg = Release|Any CPU
		{E23FE7A5-D054-4B44-9D9A-B729FAD16AF1}.Release|Any CPU.Build.0 = Release|Any CPU
	EndGlobalSection
	GlobalSection(SolutionProperties) = preSolution
		HideSolutionNode = FALSE
	EndGlobalSection
	GlobalSection(ExtensibilityGlobals) = postSolution
		SolutionGuid = {D277B28F-AA44-4238-A2B3-56B2BEECA359}
	EndGlobalSection
EndGlobal
